
Microsoft Visual Studio Solution File, Format Version 12.00
# Visual Studio Version 16
VisualStudioVersion = 16.0.30717.126
MinimumVisualStudioVersion = 10.0.40219.1
Project("{9A19103F-16F7-4668-BE54-9A1E7A4F7556}") = "PhotoAlbumAPI", "PhotoAlbumAPI\PhotoAlbumAPI.csproj", "{B367033B-4F8E-4650-9483-65D28548A540}"
EndProject
Project("{FAE04EC0-301F-11D3-BF4B-00C04F79EFBC}") = "PhotoAlbumAPI.UnitTests", "PhotoAlbumAPI.UnitTests\PhotoAlbumAPI.UnitTests.csproj", "{578A6706-83D7-4799-8567-16CF0A6CEBC0}"
EndProject
Global
	GlobalSection(SolutionConfigurationPlatforms) = preSolution
		Debug|Any CPU = Debug|Any CPU
		Release|Any CPU = Release|Any CPU
	EndGlobalSection
	GlobalSection(ProjectConfigurationPlatforms) = postSolution
		{B367033B-4F8E-4650-9483-65D28548A540}.Debug|Any CPU.ActiveCfg = Debug|Any CPU
		{B367033B-4F8E-4650-9483-65D28548A540}.Debug|Any CPU.Build.0 = Debug|Any CPU
		{B367033B-4F8E-4650-9483-65D28548A540}.Release|Any CPU.ActiveCfg = Release|Any CPU
		{B367033B-4F8E-4650-9483-65D28548A540}.Release|Any CPU.Build.0 = Release|Any CPU
		{578A6706-83D7-4799-8567-16CF0A6CEBC0}.Debug|Any CPU.ActiveCfg = Debug|Any CPU
		{578A6706-83D7-4799-8567-16CF0A6CEBC0}.Debug|Any CPU.Build.0 = Debug|Any CPU
		{578A6706-83D7-4799-8567-16CF0A6CEBC0}.Release|Any CPU.ActiveCfg = Release|Any CPU
		{578A6706-83D7-4799-8567-16CF0A6CEBC0}.Release|Any CPU.Build.0 = Release|Any CPU
	EndGlobalSection
	GlobalSection(SolutionProperties) = preSolution
		HideSolutionNode = FALSE
	EndGlobalSection
	GlobalSection(ExtensibilityGlobals) = postSolution
		SolutionGuid = {36D781DE-4E41-43DF-AC34-5BDE09456B82}
	EndGlobalSection
EndGlobal
